
Microsoft Visual Studio Solution File, Format Version 12.00
# Visual Studio 2013
VisualStudioVersion = 12.0.31101.0
MinimumVisualStudioVersion = 10.0.40219.1
Project("{FAE04EC0-301F-11D3-BF4B-00C04F79EFBC}") = "Lima.Core", "Lima.Core\Lima.Core.csproj", "{D217E226-1EB9-4BF5-AA69-389C943B4D87}"
EndProject
Project("{FAE04EC0-301F-11D3-BF4B-00C04F79EFBC}") = "Lima.Api", "Lima.Api\Lima.Api.csproj", "{C2D34164-AA1D-46C1-A19D-0DDC43A8F46C}"
EndProject
Project("{00D1A9C2-B5F0-4AF3-8072-F6C62B433612}") = "Lima.Db", "Lima.Db\Lima.Db.sqlproj", "{94309E6F-F84B-44D3-875C-6411001F588E}"
EndProject
Project("{FAE04EC0-301F-11D3-BF4B-00C04F79EFBC}") = "Lima.Data", "Lima.Data\Lima.Data.csproj", "{30AF6216-00AB-4C0A-8227-B9241E40B2E4}"
EndProject
Project("{FAE04EC0-301F-11D3-BF4B-00C04F79EFBC}") = "Lima.Core.IntegrationTests", "Lima.Core.IntegrationTests\Lima.Core.IntegrationTests.csproj", "{3C67F958-C0C9-4541-8959-355A29034F02}"
EndProject
Global
	GlobalSection(SolutionConfigurationPlatforms) = preSolution
		Debug|Any CPU = Debug|Any CPU
		Release|Any CPU = Release|Any CPU
	EndGlobalSection
	GlobalSection(ProjectConfigurationPlatforms) = postSolution
		{D217E226-1EB9-4BF5-AA69-389C943B4D87}.Debug|Any CPU.ActiveCfg = Debug|Any CPU
		{D217E226-1EB9-4BF5-AA69-389C943B4D87}.Debug|Any CPU.Build.0 = Debug|Any CPU
		{D217E226-1EB9-4BF5-AA69-389C943B4D87}.Release|Any CPU.ActiveCfg = Release|Any CPU
		{D217E226-1EB9-4BF5-AA69-389C943B4D87}.Release|Any CPU.Build.0 = Release|Any CPU
		{C2D34164-AA1D-46C1-A19D-0DDC43A8F46C}.Debug|Any CPU.ActiveCfg = Debug|Any CPU
		{C2D34164-AA1D-46C1-A19D-0DDC43A8F46C}.Debug|Any CPU.Build.0 = Debug|Any CPU
		{C2D34164-AA1D-46C1-A19D-0DDC43A8F46C}.Release|Any CPU.ActiveCfg = Release|Any CPU
		{C2D34164-AA1D-46C1-A19D-0DDC43A8F46C}.Release|Any CPU.Build.0 = Release|Any CPU
		{94309E6F-F84B-44D3-875C-6411001F588E}.Debug|Any CPU.ActiveCfg = Debug|Any CPU
		{94309E6F-F84B-44D3-875C-6411001F588E}.Debug|Any CPU.Build.0 = Debug|Any CPU
		{94309E6F-F84B-44D3-875C-6411001F588E}.Debug|Any CPU.Deploy.0 = Debug|Any CPU
		{94309E6F-F84B-44D3-875C-6411001F588E}.Release|Any CPU.ActiveCfg = Release|Any CPU
		{94309E6F-F84B-44D3-875C-6411001F588E}.Release|Any CPU.Build.0 = Release|Any CPU
		{94309E6F-F84B-44D3-875C-6411001F588E}.Release|Any CPU.Deploy.0 = Release|Any CPU
		{30AF6216-00AB-4C0A-8227-B9241E40B2E4}.Debug|Any CPU.ActiveCfg = Debug|Any CPU
		{30AF6216-00AB-4C0A-8227-B9241E40B2E4}.Debug|Any CPU.Build.0 = Debug|Any CPU
		{30AF6216-00AB-4C0A-8227-B9241E40B2E4}.Release|Any CPU.ActiveCfg = Release|Any CPU
		{30AF6216-00AB-4C0A-8227-B9241E40B2E4}.Release|Any CPU.Build.0 = Release|Any CPU
		{3C67F958-C0C9-4541-8959-355A29034F02}.Debug|Any CPU.ActiveCfg = Debug|Any CPU
		{3C67F958-C0C9-4541-8959-355A29034F02}.Debug|Any CPU.Build.0 = Debug|Any CPU
		{3C67F958-C0C9-4541-8959-355A29034F02}.Release|Any CPU.ActiveCfg = Release|Any CPU
		{3C67F958-C0C9-4541-8959-355A29034F02}.Release|Any CPU.Build.0 = Release|Any CPU
	EndGlobalSection
	GlobalSection(SolutionProperties) = preSolution
		HideSolutionNode = FALSE
	EndGlobalSection
EndGlobal
